
Microsoft Visual Studio Solution File, Format Version 12.00
# Visual Studio 15
VisualStudioVersion = 15.0.26124.0
MinimumVisualStudioVersion = 15.0.26124.0
Project("{FAE04EC0-301F-11D3-BF4B-00C04F79EFBC}") = "API", "API\API.csproj", "{F03D62A2-50B7-43C2-81D4-46B4E8A4155E}"
EndProject
Project("{FAE04EC0-301F-11D3-BF4B-00C04F79EFBC}") = "Core", "Core\Core.csproj", "{0023C72D-EC03-445F-988C-827DB3AB249A}"
EndProject
Project("{FAE04EC0-301F-11D3-BF4B-00C04F79EFBC}") = "Infrastructure", "Infrastructure\Infrastructure.csproj", "{74506E73-077C-44F8-8395-4BB1111564F4}"
EndProject
Global
	GlobalSection(SolutionConfigurationPlatforms) = preSolution
		Debug|Any CPU = Debug|Any CPU
		Debug|x64 = Debug|x64
		Debug|x86 = Debug|x86
		Release|Any CPU = Release|Any CPU
		Release|x64 = Release|x64
		Release|x86 = Release|x86
	EndGlobalSection
	GlobalSection(SolutionProperties) = preSolution
		HideSolutionNode = FALSE
	EndGlobalSection
	GlobalSection(ProjectConfigurationPlatforms) = postSolution
		{F03D62A2-50B7-43C2-81D4-46B4E8A4155E}.Debug|Any CPU.ActiveCfg = Debug|Any CPU
		{F03D62A2-50B7-43C2-81D4-46B4E8A4155E}.Debug|Any CPU.Build.0 = Debug|Any CPU
		{F03D62A2-50B7-43C2-81D4-46B4E8A4155E}.Debug|x64.ActiveCfg = Debug|Any CPU
		{F03D62A2-50B7-43C2-81D4-46B4E8A4155E}.Debug|x64.Build.0 = Debug|Any CPU
		{F03D62A2-50B7-43C2-81D4-46B4E8A4155E}.Debug|x86.ActiveCfg = Debug|Any CPU
		{F03D62A2-50B7-43C2-81D4-46B4E8A4155E}.Debug|x86.Build.0 = Debug|Any CPU
		{F03D62A2-50B7-43C2-81D4-46B4E8A4155E}.Release|Any CPU.ActiveCfg = Release|Any CPU
		{F03D62A2-50B7-43C2-81D4-46B4E8A4155E}.Release|Any CPU.Build.0 = Release|Any CPU
		{F03D62A2-50B7-43C2-81D4-46B4E8A4155E}.Release|x64.ActiveCfg = Release|Any CPU
		{F03D62A2-50B7-43C2-81D4-46B4E8A4155E}.Release|x64.Build.0 = Release|Any CPU
		{F03D62A2-50B7-43C2-81D4-46B4E8A4155E}.Release|x86.ActiveCfg = Release|Any CPU
		{F03D62A2-50B7-43C2-81D4-46B4E8A4155E}.Release|x86.Build.0 = Release|Any CPU
		{0023C72D-EC03-445F-988C-827DB3AB249A}.Debug|Any CPU.ActiveCfg = Debug|Any CPU
		{0023C72D-EC03-445F-988C-827DB3AB249A}.Debug|Any CPU.Build.0 = Debug|Any CPU
		{0023C72D-EC03-445F-988C-827DB3AB249A}.Debug|x64.ActiveCfg = Debug|Any CPU
		{0023C72D-EC03-445F-988C-827DB3AB249A}.Debug|x64.Build.0 = Debug|Any CPU
		{0023C72D-EC03-445F-988C-827DB3AB249A}.Debug|x86.ActiveCfg = Debug|Any CPU
		{0023C72D-EC03-445F-988C-827DB3AB249A}.Debug|x86.Build.0 = Debug|Any CPU
		{0023C72D-EC03-445F-988C-827DB3AB249A}.Release|Any CPU.ActiveCfg = Release|Any CPU
		{0023C72D-EC03-445F-988C-827DB3AB249A}.Release|Any CPU.Build.0 = Release|Any CPU
		{0023C72D-EC03-445F-988C-827DB3AB249A}.Release|x64.ActiveCfg = Release|Any CPU
		{0023C72D-EC03-445F-988C-827DB3AB249A}.Release|x64.Build.0 = Release|Any CPU
		{0023C72D-EC03-445F-988C-827DB3AB249A}.Release|x86.ActiveCfg = Release|Any CPU
		{0023C72D-EC03-445F-988C-827DB3AB249A}.Release|x86.Build.0 = Release|Any CPU
		{74506E73-077C-44F8-8395-4BB1111564F4}.Debug|Any CPU.ActiveCfg = Debug|Any CPU
		{74506E73-077C-44F8-8395-4BB1111564F4}.Debug|Any CPU.Build.0 = Debug|Any CPU
		{74506E73-077C-44F8-8395-4BB1111564F4}.Debug|x64.ActiveCfg = Debug|Any CPU
		{74506E73-077C-44F8-8395-4BB1111564F4}.Debug|x64.Build.0 = Debug|Any CPU
		{74506E73-077C-44F8-8395-4BB1111564F4}.Debug|x86.ActiveCfg = Debug|Any CPU
		{74506E73-077C-44F8-8395-4BB1111564F4}.Debug|x86.Build.0 = Debug|Any CPU
		{74506E73-077C-44F8-8395-4BB1111564F4}.Release|Any CPU.ActiveCfg = Release|Any CPU
		{74506E73-077C-44F8-8395-4BB1111564F4}.Release|Any CPU.Build.0 = Release|Any CPU
		{74506E73-077C-44F8-8395-4BB1111564F4}.Release|x64.ActiveCfg = Release|Any CPU
		{74506E73-077C-44F8-8395-4BB1111564F4}.Release|x64.Build.0 = Release|Any CPU
		{74506E73-077C-44F8-8395-4BB1111564F4}.Release|x86.ActiveCfg = Release|Any CPU
		{74506E73-077C-44F8-8395-4BB1111564F4}.Release|x86.Build.0 = Release|Any CPU
	EndGlobalSection
EndGlobal
